// !$*UTF8*$!
{
	archiveVersion = 1;
	classes = {
	};
	objectVersion = 50;
	objects = {

/* Begin PBXBuildFile section */
		682F3E482564446E005D234A /* PokemonController.swift in Sources */ = {isa = PBXBuildFile; fileRef = 682F3E472564446E005D234A /* PokemonController.swift */; };
		682F3E4B256445E1005D234A /* PokemonError.swift in Sources */ = {isa = PBXBuildFile; fileRef = 682F3E4A256445E1005D234A /* PokemonError.swift */; };
		682F3E4E25645810005D234A /* PokemonViewController.swift in Sources */ = {isa = PBXBuildFile; fileRef = 682F3E4D25645810005D234A /* PokemonViewController.swift */; };
		68C80EEF256440DD000A6405 /* AppDelegate.swift in Sources */ = {isa = PBXBuildFile; fileRef = 68C80EEE256440DD000A6405 /* AppDelegate.swift */; };
		68C80EF1256440DD000A6405 /* SceneDelegate.swift in Sources */ = {isa = PBXBuildFile; fileRef = 68C80EF0256440DD000A6405 /* SceneDelegate.swift */; };
		68C80EF3256440DD000A6405 /* ViewController.swift in Sources */ = {isa = PBXBuildFile; fileRef = 68C80EF2256440DD000A6405 /* ViewController.swift */; };
		68C80EF6256440DD000A6405 /* Main.storyboard in Resources */ = {isa = PBXBuildFile; fileRef = 68C80EF4256440DD000A6405 /* Main.storyboard */; };
		68C80EF8256440E9000A6405 /* Assets.xcassets in Resources */ = {isa = PBXBuildFile; fileRef = 68C80EF7256440E9000A6405 /* Assets.xcassets */; };
		68C80EFB256440E9000A6405 /* LaunchScreen.storyboard in Resources */ = {isa = PBXBuildFile; fileRef = 68C80EF9256440E9000A6405 /* LaunchScreen.storyboard */; };
		68C80F0B25644184000A6405 /* Pokemon.swift in Sources */ = {isa = PBXBuildFile; fileRef = 68C80F0A25644184000A6405 /* Pokemon.swift */; };
/* End PBXBuildFile section */

/* Begin PBXFileReference section */
		682F3E472564446E005D234A /* PokemonController.swift */ = {isa = PBXFileReference; lastKnownFileType = sourcecode.swift; path = PokemonController.swift; sourceTree = "<group>"; };
		682F3E4A256445E1005D234A /* PokemonError.swift */ = {isa = PBXFileReference; lastKnownFileType = sourcecode.swift; path = PokemonError.swift; sourceTree = "<group>"; };
		682F3E4D25645810005D234A /* PokemonViewController.swift */ = {isa = PBXFileReference; lastKnownFileType = sourcecode.swift; path = PokemonViewController.swift; sourceTree = "<group>"; };
		68C80EEB256440DD000A6405 /* PokeDex.app */ = {isa = PBXFileReference; explicitFileType = wrapper.application; includeInIndex = 0; path = PokeDex.app; sourceTree = BUILT_PRODUCTS_DIR; };
		68C80EEE256440DD000A6405 /* AppDelegate.swift */ = {isa = PBXFileReference; lastKnownFileType = sourcecode.swift; path = AppDelegate.swift; sourceTree = "<group>"; };
		68C80EF0256440DD000A6405 /* SceneDelegate.swift */ = {isa = PBXFileReference; lastKnownFileType = sourcecode.swift; path = SceneDelegate.swift; sourceTree = "<group>"; };
		68C80EF2256440DD000A6405 /* ViewController.swift */ = {isa = PBXFileReference; lastKnownFileType = sourcecode.swift; path = ViewController.swift; sourceTree = "<group>"; };
		68C80EF5256440DD000A6405 /* Base */ = {isa = PBXFileReference; lastKnownFileType = file.storyboard; name = Base; path = Base.lproj/Main.storyboard; sourceTree = "<group>"; };
		68C80EF7256440E9000A6405 /* Assets.xcassets */ = {isa = PBXFileReference; lastKnownFileType = folder.assetcatalog; path = Assets.xcassets; sourceTree = "<group>"; };
		68C80EFA256440E9000A6405 /* Base */ = {isa = PBXFileReference; lastKnownFileType = file.storyboard; name = Base; path = Base.lproj/LaunchScreen.storyboard; sourceTree = "<group>"; };
		68C80EFC256440E9000A6405 /* Info.plist */ = {isa = PBXFileReference; lastKnownFileType = text.plist.xml; path = Info.plist; sourceTree = "<group>"; };
		68C80F0A25644184000A6405 /* Pokemon.swift */ = {isa = PBXFileReference; lastKnownFileType = sourcecode.swift; path = Pokemon.swift; sourceTree = "<group>"; };
/* End PBXFileReference section */

/* Begin PBXFrameworksBuildPhase section */
		68C80EE8256440DC000A6405 /* Frameworks */ = {
			isa = PBXFrameworksBuildPhase;
			buildActionMask = 2147483647;
			files = (
			);
			runOnlyForDeploymentPostprocessing = 0;
		};
/* End PBXFrameworksBuildPhase section */

/* Begin PBXGroup section */
		68C80EE2256440DC000A6405 = {
			isa = PBXGroup;
			children = (
				68C80EED256440DD000A6405 /* PokeDex */,
				68C80EEC256440DD000A6405 /* Products */,
			);
			sourceTree = "<group>";
		};
		68C80EEC256440DD000A6405 /* Products */ = {
			isa = PBXGroup;
			children = (
				68C80EEB256440DD000A6405 /* PokeDex.app */,
			);
			name = Products;
			sourceTree = "<group>";
		};
		68C80EED256440DD000A6405 /* PokeDex */ = {
			isa = PBXGroup;
			children = (
				68C80F0825644140000A6405 /* Model */,
				68C80F0725644136000A6405 /* View Controllers */,
				68C80F0525644129000A6405 /* Model Controllers */,
				68C80F03256440FE000A6405 /* Resources */,
				68C80EF2256440DD000A6405 /* ViewController.swift */,
				68C80EF4256440DD000A6405 /* Main.storyboard */,
				68C80EF9256440E9000A6405 /* LaunchScreen.storyboard */,
			);
			path = PokeDex;
			sourceTree = "<group>";
		};
		68C80F03256440FE000A6405 /* Resources */ = {
			isa = PBXGroup;
			children = (
				68C80EEE256440DD000A6405 /* AppDelegate.swift */,
				68C80EF0256440DD000A6405 /* SceneDelegate.swift */,
				68C80EF7256440E9000A6405 /* Assets.xcassets */,
				68C80EFC256440E9000A6405 /* Info.plist */,
			);
			path = Resources;
			sourceTree = "<group>";
		};
		68C80F0525644129000A6405 /* Model Controllers */ = {
			isa = PBXGroup;
			children = (
				682F3E472564446E005D234A /* PokemonController.swift */,
				682F3E4A256445E1005D234A /* PokemonError.swift */,
			);
			path = "Model Controllers";
			sourceTree = "<group>";
		};
		68C80F0725644136000A6405 /* View Controllers */ = {
			isa = PBXGroup;
			children = (
				682F3E4D25645810005D234A /* PokemonViewController.swift */,
			);
			path = "View Controllers";
			sourceTree = "<group>";
		};
		68C80F0825644140000A6405 /* Model */ = {
			isa = PBXGroup;
			children = (
				68C80F0A25644184000A6405 /* Pokemon.swift */,
			);
			path = Model;
			sourceTree = "<group>";
		};
/* End PBXGroup section */

/* Begin PBXNativeTarget section */
		68C80EEA256440DC000A6405 /* PokeDex */ = {
			isa = PBXNativeTarget;
			buildConfigurationList = 68C80EFF256440E9000A6405 /* Build configuration list for PBXNativeTarget "PokeDex" */;
			buildPhases = (
				68C80EE7256440DC000A6405 /* Sources */,
				68C80EE8256440DC000A6405 /* Frameworks */,
				68C80EE9256440DC000A6405 /* Resources */,
			);
			buildRules = (
			);
			dependencies = (
			);
			name = PokeDex;
			productName = PokeDex;
			productReference = 68C80EEB256440DD000A6405 /* PokeDex.app */;
			productType = "com.apple.product-type.application";
		};
/* End PBXNativeTarget section */

/* Begin PBXProject section */
		68C80EE3256440DC000A6405 /* Project object */ = {
			isa = PBXProject;
			attributes = {
				LastSwiftUpdateCheck = 1210;
				LastUpgradeCheck = 1210;
				TargetAttributes = {
					68C80EEA256440DC000A6405 = {
						CreatedOnToolsVersion = 12.1;
					};
				};
			};
			buildConfigurationList = 68C80EE6256440DC000A6405 /* Build configuration list for PBXProject "PokeDex" */;
			compatibilityVersion = "Xcode 9.3";
			developmentRegion = en;
			hasScannedForEncodings = 0;
			knownRegions = (
				en,
				Base,
			);
			mainGroup = 68C80EE2256440DC000A6405;
			productRefGroup = 68C80EEC256440DD000A6405 /* Products */;
			projectDirPath = "";
			projectRoot = "";
			targets = (
				68C80EEA256440DC000A6405 /* PokeDex */,
			);
		};
/* End PBXProject section */

/* Begin PBXResourcesBuildPhase section */
		68C80EE9256440DC000A6405 /* Resources */ = {
			isa = PBXResourcesBuildPhase;
			buildActionMask = 2147483647;
			files = (
				68C80EFB256440E9000A6405 /* LaunchScreen.storyboard in Resources */,
				68C80EF8256440E9000A6405 /* Assets.xcassets in Resources */,
				68C80EF6256440DD000A6405 /* Main.storyboard in Resources */,
			);
			runOnlyForDeploymentPostprocessing = 0;
		};
/* End PBXResourcesBuildPhase section */

/* Begin PBXSourcesBuildPhase section */
		68C80EE7256440DC000A6405 /* Sources */ = {
			isa = PBXSourcesBuildPhase;
			buildActionMask = 2147483647;
			files = (
				68C80EF3256440DD000A6405 /* ViewController.swift in Sources */,
				68C80F0B25644184000A6405 /* Pokemon.swift in Sources */,
				68C80EEF256440DD000A6405 /* AppDelegate.swift in Sources */,
				682F3E4E25645810005D234A /* PokemonViewController.swift in Sources */,
				68C80EF1256440DD000A6405 /* SceneDelegate.swift in Sources */,
				682F3E4B256445E1005D234A /* PokemonError.swift in Sources */,
				682F3E482564446E005D234A /* PokemonController.swift in Sources */,
			);
			runOnlyForDeploymentPostprocessing = 0;
		};
/* End PBXSourcesBuildPhase section */

/* Begin PBXVariantGroup section */
		68C80EF4256440DD000A6405 /* Main.storyboard */ = {
			isa = PBXVariantGroup;
			children = (
				68C80EF5256440DD000A6405 /* Base */,
			);
			name = Main.storyboard;
			sourceTree = "<group>";
		};
		68C80EF9256440E9000A6405 /* LaunchScreen.storyboard */ = {
			isa = PBXVariantGroup;
			children = (
				68C80EFA256440E9000A6405 /* Base */,
			);
			name = LaunchScreen.storyboard;
			sourceTree = "<group>";
		};
/* End PBXVariantGroup section */

/* Begin XCBuildConfiguration section */
		68C80EFD256440E9000A6405 /* Debug */ = {
			isa = XCBuildConfiguration;
			buildSettings = {
				ALWAYS_SEARCH_USER_PATHS = NO;
				CLANG_ANALYZER_NONNULL = YES;
				CLANG_ANALYZER_NUMBER_OBJECT_CONVERSION = YES_AGGRESSIVE;
				CLANG_CXX_LANGUAGE_STANDARD = "gnu++14";
				CLANG_CXX_LIBRARY = "libc++";
				CLANG_ENABLE_MODULES = YES;
				CLANG_ENABLE_OBJC_ARC = YES;
				CLANG_ENABLE_OBJC_WEAK = YES;
				CLANG_WARN_BLOCK_CAPTURE_AUTORELEASING = YES;
				CLANG_WARN_BOOL_CONVERSION = YES;
				CLANG_WARN_COMMA = YES;
				CLANG_WARN_CONSTANT_CONVERSION = YES;
				CLANG_WARN_DEPRECATED_OBJC_IMPLEMENTATIONS = YES;
				CLANG_WARN_DIRECT_OBJC_ISA_USAGE = YES_ERROR;
				CLANG_WARN_DOCUMENTATION_COMMENTS = YES;
				CLANG_WARN_EMPTY_BODY = YES;
				CLANG_WARN_ENUM_CONVERSION = YES;
				CLANG_WARN_INFINITE_RECURSION = YES;
				CLANG_WARN_INT_CONVERSION = YES;
				CLANG_WARN_NON_LITERAL_NULL_CONVERSION = YES;
				CLANG_WARN_OBJC_IMPLICIT_RETAIN_SELF = YES;
				CLANG_WARN_OBJC_LITERAL_CONVERSION = YES;
				CLANG_WARN_OBJC_ROOT_CLASS = YES_ERROR;
				CLANG_WARN_QUOTED_INCLUDE_IN_FRAMEWORK_HEADER = YES;
				CLANG_WARN_RANGE_LOOP_ANALYSIS = YES;
				CLANG_WARN_STRICT_PROTOTYPES = YES;
				CLANG_WARN_SUSPICIOUS_MOVE = YES;
				CLANG_WARN_UNGUARDED_AVAILABILITY = YES_AGGRESSIVE;
				CLANG_WARN_UNREACHABLE_CODE = YES;
				CLANG_WARN__DUPLICATE_METHOD_MATCH = YES;
				COPY_PHASE_STRIP = NO;
				DEBUG_INFORMATION_FORMAT = dwarf;
				ENABLE_STRICT_OBJC_MSGSEND = YES;
				ENABLE_TESTABILITY = YES;
				GCC_C_LANGUAGE_STANDARD = gnu11;
				GCC_DYNAMIC_NO_PIC = NO;
				GCC_NO_COMMON_BLOCKS = YES;
				GCC_OPTIMIZATION_LEVEL = 0;
				GCC_PREPROCESSOR_DEFINITIONS = (
					"DEBUG=1",
					"$(inherited)",
				);
				GCC_WARN_64_TO_32_BIT_CONVERSION = YES;
				GCC_WARN_ABOUT_RETURN_TYPE = YES_ERROR;
				GCC_WARN_UNDECLARED_SELECTOR = YES;
				GCC_WARN_UNINITIALIZED_AUTOS = YES_AGGRESSIVE;
				GCC_WARN_UNUSED_FUNCTION = YES;
				GCC_WARN_UNUSED_VARIABLE = YES;
				IPHONEOS_DEPLOYMENT_TARGET = 14.1;
				MTL_ENABLE_DEBUG_INFO = INCLUDE_SOURCE;
				MTL_FAST_MATH = YES;
				ONLY_ACTIVE_ARCH = YES;
				SDKROOT = iphoneos;
				SWIFT_ACTIVE_COMPILATION_CONDITIONS = DEBUG;
				SWIFT_OPTIMIZATION_LEVEL = "-Onone";
			};
			name = Debug;
		};
		68C80EFE256440E9000A6405 /* Release */ = {
			isa = XCBuildConfiguration;
			buildSettings = {
				ALWAYS_SEARCH_USER_PATHS = NO;
				CLANG_ANALYZER_NONNULL = YES;
				CLANG_ANALYZER_NUMBER_OBJECT_CONVERSION = YES_AGGRESSIVE;
				CLANG_CXX_LANGUAGE_STANDARD = "gnu++14";
				CLANG_CXX_LIBRARY = "libc++";
				CLANG_ENABLE_MODULES = YES;
				CLANG_ENABLE_OBJC_ARC = YES;
				CLANG_ENABLE_OBJC_WEAK = YES;
				CLANG_WARN_BLOCK_CAPTURE_AUTORELEASING = YES;
				CLANG_WARN_BOOL_CONVERSION = YES;
				CLANG_WARN_COMMA = YES;
				CLANG_WARN_CONSTANT_CONVERSION = YES;
				CLANG_WARN_DEPRECATED_OBJC_IMPLEMENTATIONS = YES;
				CLANG_WARN_DIRECT_OBJC_ISA_USAGE = YES_ERROR;
				CLANG_WARN_DOCUMENTATION_COMMENTS = YES;
				CLANG_WARN_EMPTY_BODY = YES;
				CLANG_WARN_ENUM_CONVERSION = YES;
				CLANG_WARN_INFINITE_RECURSION = YES;
				CLANG_WARN_INT_CONVERSION = YES;
				CLANG_WARN_NON_LITERAL_NULL_CONVERSION = YES;
				CLANG_WARN_OBJC_IMPLICIT_RETAIN_SELF = YES;
				CLANG_WARN_OBJC_LITERAL_CONVERSION = YES;
				CLANG_WARN_OBJC_ROOT_CLASS = YES_ERROR;
				CLANG_WARN_QUOTED_INCLUDE_IN_FRAMEWORK_HEADER = YES;
				CLANG_WARN_RANGE_LOOP_ANALYSIS = YES;
				CLANG_WARN_STRICT_PROTOTYPES = YES;
				CLANG_WARN_SUSPICIOUS_MOVE = YES;
				CLANG_WARN_UNGUARDED_AVAILABILITY = YES_AGGRESSIVE;
				CLANG_WARN_UNREACHABLE_CODE = YES;
				CLANG_WARN__DUPLICATE_METHOD_MATCH = YES;
				COPY_PHASE_STRIP = NO;
				DEBUG_INFORMATION_FORMAT = "dwarf-with-dsym";
				ENABLE_NS_ASSERTIONS = NO;
				ENABLE_STRICT_OBJC_MSGSEND = YES;
				GCC_C_LANGUAGE_STANDARD = gnu11;
				GCC_NO_COMMON_BLOCKS = YES;
				GCC_WARN_64_TO_32_BIT_CONVERSION = YES;
				GCC_WARN_ABOUT_RETURN_TYPE = YES_ERROR;
				GCC_WARN_UNDECLARED_SELECTOR = YES;
				GCC_WARN_UNINITIALIZED_AUTOS = YES_AGGRESSIVE;
				GCC_WARN_UNUSED_FUNCTION = YES;
				GCC_WARN_UNUSED_VARIABLE = YES;
				IPHONEOS_DEPLOYMENT_TARGET = 14.1;
				MTL_ENABLE_DEBUG_INFO = NO;
				MTL_FAST_MATH = YES;
				SDKROOT = iphoneos;
				SWIFT_COMPILATION_MODE = wholemodule;
				SWIFT_OPTIMIZATION_LEVEL = "-O";
				VALIDATE_PRODUCT = YES;
			};
			name = Release;
		};
		68C80F00256440E9000A6405 /* Debug */ = {
			isa = XCBuildConfiguration;
			buildSettings = {
				ASSETCATALOG_COMPILER_APPICON_NAME = AppIcon;
				ASSETCATALOG_COMPILER_GLOBAL_ACCENT_COLOR_NAME = AccentColor;
				CODE_SIGN_STYLE = Automatic;
				INFOPLIST_FILE = PokeDex/Resources/Info.plist;
				LD_RUNPATH_SEARCH_PATHS = (
					"$(inherited)",
					"@executable_path/Frameworks",
				);
				PRODUCT_BUNDLE_IDENTIFIER = heli.bavishi.PokeDex;
				PRODUCT_NAME = "$(TARGET_NAME)";
				SWIFT_VERSION = 5.0;
				TARGETED_DEVICE_FAMILY = "1,2";
			};
			name = Debug;
		};
		68C80F01256440E9000A6405 /* Release */ = {
			isa = XCBuildConfiguration;
			buildSettings = {
				ASSETCATALOG_COMPILER_APPICON_NAME = AppIcon;
				ASSETCATALOG_COMPILER_GLOBAL_ACCENT_COLOR_NAME = AccentColor;
				CODE_SIGN_STYLE = Automatic;
				INFOPLIST_FILE = PokeDex/Resources/Info.plist;
				LD_RUNPATH_SEARCH_PATHS = (
					"$(inherited)",
					"@executable_path/Frameworks",
				);
				PRODUCT_BUNDLE_IDENTIFIER = heli.bavishi.PokeDex;
				PRODUCT_NAME = "$(TARGET_NAME)";
				SWIFT_VERSION = 5.0;
				TARGETED_DEVICE_FAMILY = "1,2";
			};
			name = Release;
		};
/* End XCBuildConfiguration section */

/* Begin XCConfigurationList section */
		68C80EE6256440DC000A6405 /* Build configuration list for PBXProject "PokeDex" */ = {
			isa = XCConfigurationList;
			buildConfigurations = (
				68C80EFD256440E9000A6405 /* Debug */,
				68C80EFE256440E9000A6405 /* Release */,
			);
			defaultConfigurationIsVisible = 0;
			defaultConfigurationName = Release;
		};
		68C80EFF256440E9000A6405 /* Build configuration list for PBXNativeTarget "PokeDex" */ = {
			isa = XCConfigurationList;
			buildConfigurations = (
				68C80F00256440E9000A6405 /* Debug */,
				68C80F01256440E9000A6405 /* Release */,
			);
			defaultConfigurationIsVisible = 0;
			defaultConfigurationName = Release;
		};
/* End XCConfigurationList section */
	};
	rootObject = 68C80EE3256440DC000A6405 /* Project object */;
}
